
Microsoft Visual Studio Solution File, Format Version 12.00
# Visual Studio Version 17
VisualStudioVersion = 17.5.002.0
MinimumVisualStudioVersion = 10.0.40219.1
Project("{9A19103F-16F7-4668-BE54-9A1E7A4F7556}") = "clan-system-backend", "clan-system-backend.csproj", "{8376F741-75C1-4369-B568-FF031F38EAF7}"
EndProject
Global
	GlobalSection(SolutionConfigurationPlatforms) = preSolution
		Debug|Any CPU = Debug|Any CPU
		Release|Any CPU = Release|Any CPU
	EndGlobalSection
	GlobalSection(ProjectConfigurationPlatforms) = postSolution
		{8376F741-75C1-4369-B568-FF031F38EAF7}.Debug|Any CPU.ActiveCfg = Debug|Any CPU
		{8376F741-75C1-4369-B568-FF031F38EAF7}.Debug|Any CPU.Build.0 = Debug|Any CPU
		{8376F741-75C1-4369-B568-FF031F38EAF7}.Release|Any CPU.ActiveCfg = Release|Any CPU
		{8376F741-75C1-4369-B568-FF031F38EAF7}.Release|Any CPU.Build.0 = Release|Any CPU
	EndGlobalSection
	GlobalSection(SolutionProperties) = preSolution
		HideSolutionNode = FALSE
	EndGlobalSection
	GlobalSection(ExtensibilityGlobals) = postSolution
		SolutionGuid = {ED1DE481-99C4-4D91-99DE-C78D9305B4B2}
	EndGlobalSection
EndGlobal
